// !$*UTF8*$!
{
	archiveVersion = 1;
	classes = {
	};
	objectVersion = 50;
	objects = {

/* Begin PBXBuildFile section */
		8B0776713E9A65C115F2A63D /* Pods_Mother_Earth.framework in Frameworks */ = {isa = PBXBuildFile; fileRef = 994657CF44161C4E1801C505 /* Pods_Mother_Earth.framework */; };
		BC4B0E63219E4186001B396F /* AppDelegate.swift in Sources */ = {isa = PBXBuildFile; fileRef = BC4B0E62219E4186001B396F /* AppDelegate.swift */; };
		BC4B0E68219E4186001B396F /* Main.storyboard in Resources */ = {isa = PBXBuildFile; fileRef = BC4B0E66219E4186001B396F /* Main.storyboard */; };
		BC4B0E6A219E418B001B396F /* Assets.xcassets in Resources */ = {isa = PBXBuildFile; fileRef = BC4B0E69219E418B001B396F /* Assets.xcassets */; };
		BC4B0E6D219E418B001B396F /* LaunchScreen.storyboard in Resources */ = {isa = PBXBuildFile; fileRef = BC4B0E6B219E418B001B396F /* LaunchScreen.storyboard */; };
		BC4B0E75219E5275001B396F /* CategoriesViewController.swift in Sources */ = {isa = PBXBuildFile; fileRef = BC4B0E74219E5275001B396F /* CategoriesViewController.swift */; };
		BC4B0E77219E5405001B396F /* EventsViewController.swift in Sources */ = {isa = PBXBuildFile; fileRef = BC4B0E76219E5405001B396F /* EventsViewController.swift */; };
		BC4B0E79219E5470001B396F /* EventCell.swift in Sources */ = {isa = PBXBuildFile; fileRef = BC4B0E78219E5470001B396F /* EventCell.swift */; };
		BC4B0E86219E59B5001B396F /* Category.swift in Sources */ = {isa = PBXBuildFile; fileRef = BC4B0E82219E59B5001B396F /* Category.swift */; };
		BC4B0E87219E59B5001B396F /* EONETError.swift in Sources */ = {isa = PBXBuildFile; fileRef = BC4B0E83219E59B5001B396F /* EONETError.swift */; };
		BC4B0E88219E59B5001B396F /* EONETRequestRouter.swift in Sources */ = {isa = PBXBuildFile; fileRef = BC4B0E84219E59B5001B396F /* EONETRequestRouter.swift */; };
		BC4B0E89219E59B5001B396F /* Event.swift in Sources */ = {isa = PBXBuildFile; fileRef = BC4B0E85219E59B5001B396F /* Event.swift */; };
		BC4B0E8B219E59CB001B396F /* Location.swift in Sources */ = {isa = PBXBuildFile; fileRef = BC4B0E8A219E59CB001B396F /* Location.swift */; };
/* End PBXBuildFile section */

/* Begin PBXFileReference section */
		2893B428D861C74BE5AF7DBF /* Pods-Mother Earth.release.xcconfig */ = {isa = PBXFileReference; includeInIndex = 1; lastKnownFileType = text.xcconfig; name = "Pods-Mother Earth.release.xcconfig"; path = "Pods/Target Support Files/Pods-Mother Earth/Pods-Mother Earth.release.xcconfig"; sourceTree = "<group>"; };
		8C42E9E9E0C829251579FA9A /* Pods-Mother Earth.debug.xcconfig */ = {isa = PBXFileReference; includeInIndex = 1; lastKnownFileType = text.xcconfig; name = "Pods-Mother Earth.debug.xcconfig"; path = "Pods/Target Support Files/Pods-Mother Earth/Pods-Mother Earth.debug.xcconfig"; sourceTree = "<group>"; };
		994657CF44161C4E1801C505 /* Pods_Mother_Earth.framework */ = {isa = PBXFileReference; explicitFileType = wrapper.framework; includeInIndex = 0; path = Pods_Mother_Earth.framework; sourceTree = BUILT_PRODUCTS_DIR; };
		BC4B0E5F219E4186001B396F /* Mother Earth.app */ = {isa = PBXFileReference; explicitFileType = wrapper.application; includeInIndex = 0; path = "Mother Earth.app"; sourceTree = BUILT_PRODUCTS_DIR; };
		BC4B0E62219E4186001B396F /* AppDelegate.swift */ = {isa = PBXFileReference; lastKnownFileType = sourcecode.swift; path = AppDelegate.swift; sourceTree = "<group>"; };
		BC4B0E67219E4186001B396F /* Base */ = {isa = PBXFileReference; lastKnownFileType = file.storyboard; name = Base; path = Base.lproj/Main.storyboard; sourceTree = "<group>"; };
		BC4B0E69219E418B001B396F /* Assets.xcassets */ = {isa = PBXFileReference; lastKnownFileType = folder.assetcatalog; path = Assets.xcassets; sourceTree = "<group>"; };
		BC4B0E6C219E418B001B396F /* Base */ = {isa = PBXFileReference; lastKnownFileType = file.storyboard; name = Base; path = Base.lproj/LaunchScreen.storyboard; sourceTree = "<group>"; };
		BC4B0E6E219E418B001B396F /* Info.plist */ = {isa = PBXFileReference; lastKnownFileType = text.plist.xml; path = Info.plist; sourceTree = "<group>"; };
		BC4B0E74219E5275001B396F /* CategoriesViewController.swift */ = {isa = PBXFileReference; lastKnownFileType = sourcecode.swift; path = CategoriesViewController.swift; sourceTree = "<group>"; };
		BC4B0E76219E5405001B396F /* EventsViewController.swift */ = {isa = PBXFileReference; lastKnownFileType = sourcecode.swift; path = EventsViewController.swift; sourceTree = "<group>"; };
		BC4B0E78219E5470001B396F /* EventCell.swift */ = {isa = PBXFileReference; lastKnownFileType = sourcecode.swift; path = EventCell.swift; sourceTree = "<group>"; };
		BC4B0E82219E59B5001B396F /* Category.swift */ = {isa = PBXFileReference; fileEncoding = 4; lastKnownFileType = sourcecode.swift; path = Category.swift; sourceTree = "<group>"; };
		BC4B0E83219E59B5001B396F /* EONETError.swift */ = {isa = PBXFileReference; fileEncoding = 4; lastKnownFileType = sourcecode.swift; path = EONETError.swift; sourceTree = "<group>"; };
		BC4B0E84219E59B5001B396F /* EONETRequestRouter.swift */ = {isa = PBXFileReference; fileEncoding = 4; lastKnownFileType = sourcecode.swift; path = EONETRequestRouter.swift; sourceTree = "<group>"; };
		BC4B0E85219E59B5001B396F /* Event.swift */ = {isa = PBXFileReference; fileEncoding = 4; lastKnownFileType = sourcecode.swift; path = Event.swift; sourceTree = "<group>"; };
		BC4B0E8A219E59CB001B396F /* Location.swift */ = {isa = PBXFileReference; fileEncoding = 4; lastKnownFileType = sourcecode.swift; path = Location.swift; sourceTree = "<group>"; };
/* End PBXFileReference section */

/* Begin PBXFrameworksBuildPhase section */
		BC4B0E5C219E4185001B396F /* Frameworks */ = {
			isa = PBXFrameworksBuildPhase;
			buildActionMask = 2147483647;
			files = (
				8B0776713E9A65C115F2A63D /* Pods_Mother_Earth.framework in Frameworks */,
			);
			runOnlyForDeploymentPostprocessing = 0;
		};
/* End PBXFrameworksBuildPhase section */

/* Begin PBXGroup section */
		9CD76E2F3E7B3966A7CF18F7 /* Frameworks */ = {
			isa = PBXGroup;
			children = (
				994657CF44161C4E1801C505 /* Pods_Mother_Earth.framework */,
			);
			name = Frameworks;
			sourceTree = "<group>";
		};
		BB996EE652726E5CB931C804 /* Pods */ = {
			isa = PBXGroup;
			children = (
				8C42E9E9E0C829251579FA9A /* Pods-Mother Earth.debug.xcconfig */,
				2893B428D861C74BE5AF7DBF /* Pods-Mother Earth.release.xcconfig */,
			);
			name = Pods;
			sourceTree = "<group>";
		};
		BC4B0E56219E4185001B396F = {
			isa = PBXGroup;
			children = (
				BC4B0E61219E4186001B396F /* Mother Earth */,
				BC4B0E60219E4186001B396F /* Products */,
				BB996EE652726E5CB931C804 /* Pods */,
				9CD76E2F3E7B3966A7CF18F7 /* Frameworks */,
			);
			sourceTree = "<group>";
		};
		BC4B0E60219E4186001B396F /* Products */ = {
			isa = PBXGroup;
			children = (
				BC4B0E5F219E4186001B396F /* Mother Earth.app */,
			);
			name = Products;
			sourceTree = "<group>";
		};
		BC4B0E61219E4186001B396F /* Mother Earth */ = {
			isa = PBXGroup;
			children = (
				BC4B0E7E219E5927001B396F /* Supporting files */,
				BC4B0E7A219E58D7001B396F /* Delegate */,
				BC4B0E7B219E58DF001B396F /* Views */,
				BC4B0E7C219E58F7001B396F /* ViewControllers */,
				BC4B0E7F219E593D001B396F /* Models */,
			);
			path = "Mother Earth";
			sourceTree = "<group>";
		};
		BC4B0E7A219E58D7001B396F /* Delegate */ = {
			isa = PBXGroup;
			children = (
				BC4B0E62219E4186001B396F /* AppDelegate.swift */,
			);
			path = Delegate;
			sourceTree = "<group>";
		};
		BC4B0E7B219E58DF001B396F /* Views */ = {
			isa = PBXGroup;
			children = (
				BC4B0E6B219E418B001B396F /* LaunchScreen.storyboard */,
				BC4B0E66219E4186001B396F /* Main.storyboard */,
			);
			path = Views;
			sourceTree = "<group>";
		};
		BC4B0E7C219E58F7001B396F /* ViewControllers */ = {
			isa = PBXGroup;
			children = (
				BC4B0E7D219E5909001B396F /* TableViewCells */,
				BC4B0E74219E5275001B396F /* CategoriesViewController.swift */,
				BC4B0E76219E5405001B396F /* EventsViewController.swift */,
			);
			path = ViewControllers;
			sourceTree = "<group>";
		};
		BC4B0E7D219E5909001B396F /* TableViewCells */ = {
			isa = PBXGroup;
			children = (
				BC4B0E78219E5470001B396F /* EventCell.swift */,
			);
			path = TableViewCells;
			sourceTree = "<group>";
		};
		BC4B0E7E219E5927001B396F /* Supporting files */ = {
			isa = PBXGroup;
			children = (
				BC4B0E69219E418B001B396F /* Assets.xcassets */,
				BC4B0E6E219E418B001B396F /* Info.plist */,
			);
			path = "Supporting files";
			sourceTree = "<group>";
		};
		BC4B0E7F219E593D001B396F /* Models */ = {
			isa = PBXGroup;
			children = (
				BC4B0E8A219E59CB001B396F /* Location.swift */,
				BC4B0E82219E59B5001B396F /* Category.swift */,
				BC4B0E83219E59B5001B396F /* EONETError.swift */,
				BC4B0E84219E59B5001B396F /* EONETRequestRouter.swift */,
				BC4B0E85219E59B5001B396F /* Event.swift */,
			);
			path = Models;
			sourceTree = "<group>";
		};
/* End PBXGroup section */

/* Begin PBXNativeTarget section */
		BC4B0E5E219E4185001B396F /* Mother Earth */ = {
			isa = PBXNativeTarget;
			buildConfigurationList = BC4B0E71219E418B001B396F /* Build configuration list for PBXNativeTarget "Mother Earth" */;
			buildPhases = (
				076D3856A1B9F76094FABD52 /* [CP] Check Pods Manifest.lock */,
				BC4B0E5B219E4185001B396F /* Sources */,
				BC4B0E5C219E4185001B396F /* Frameworks */,
				BC4B0E5D219E4185001B396F /* Resources */,
				734F26B913E60FF29804A6D0 /* [CP] Embed Pods Frameworks */,
			);
			buildRules = (
			);
			dependencies = (
			);
			name = "Mother Earth";
			productName = "Mother Earth";
			productReference = BC4B0E5F219E4186001B396F /* Mother Earth.app */;
			productType = "com.apple.product-type.application";
		};
/* End PBXNativeTarget section */

/* Begin PBXProject section */
		BC4B0E57219E4185001B396F /* Project object */ = {
			isa = PBXProject;
			attributes = {
				LastSwiftUpdateCheck = 1000;
				LastUpgradeCheck = 1000;
				ORGANIZATIONNAME = KarimEbrahem;
				TargetAttributes = {
					BC4B0E5E219E4185001B396F = {
						CreatedOnToolsVersion = 10.0;
					};
				};
			};
			buildConfigurationList = BC4B0E5A219E4185001B396F /* Build configuration list for PBXProject "Mother Earth" */;
			compatibilityVersion = "Xcode 9.3";
			developmentRegion = en;
			hasScannedForEncodings = 0;
			knownRegions = (
				en,
				Base,
			);
			mainGroup = BC4B0E56219E4185001B396F;
			productRefGroup = BC4B0E60219E4186001B396F /* Products */;
			projectDirPath = "";
			projectRoot = "";
			targets = (
				BC4B0E5E219E4185001B396F /* Mother Earth */,
			);
		};
/* End PBXProject section */

/* Begin PBXResourcesBuildPhase section */
		BC4B0E5D219E4185001B396F /* Resources */ = {
			isa = PBXResourcesBuildPhase;
			buildActionMask = 2147483647;
			files = (
				BC4B0E6D219E418B001B396F /* LaunchScreen.storyboard in Resources */,
				BC4B0E6A219E418B001B396F /* Assets.xcassets in Resources */,
				BC4B0E68219E4186001B396F /* Main.storyboard in Resources */,
			);
			runOnlyForDeploymentPostprocessing = 0;
		};
/* End PBXResourcesBuildPhase section */

/* Begin PBXShellScriptBuildPhase section */
		076D3856A1B9F76094FABD52 /* [CP] Check Pods Manifest.lock */ = {
			isa = PBXShellScriptBuildPhase;
			buildActionMask = 2147483647;
			files = (
			);
			inputFileListPaths = (
			);
			inputPaths = (
				"${PODS_PODFILE_DIR_PATH}/Podfile.lock",
				"${PODS_ROOT}/Manifest.lock",
			);
			name = "[CP] Check Pods Manifest.lock";
			outputFileListPaths = (
			);
			outputPaths = (
				"$(DERIVED_FILE_DIR)/Pods-Mother Earth-checkManifestLockResult.txt",
			);
			runOnlyForDeploymentPostprocessing = 0;
			shellPath = /bin/sh;
			shellScript = "diff \"${PODS_PODFILE_DIR_PATH}/Podfile.lock\" \"${PODS_ROOT}/Manifest.lock\" > /dev/null\nif [ $? != 0 ] ; then\n    # print error to STDERR\n    echo \"error: The sandbox is not in sync with the Podfile.lock. Run 'pod install' or update your CocoaPods installation.\" >&2\n    exit 1\nfi\n# This output is used by Xcode 'outputs' to avoid re-running this script phase.\necho \"SUCCESS\" > \"${SCRIPT_OUTPUT_FILE_0}\"\n";
			showEnvVarsInLog = 0;
		};
		734F26B913E60FF29804A6D0 /* [CP] Embed Pods Frameworks */ = {
			isa = PBXShellScriptBuildPhase;
			buildActionMask = 2147483647;
			files = (
			);
			inputFileListPaths = (
			);
			inputPaths = (
				"${SRCROOT}/Pods/Target Support Files/Pods-Mother Earth/Pods-Mother Earth-frameworks.sh",
				"${BUILT_PRODUCTS_DIR}/RxCocoa/RxCocoa.framework",
				"${BUILT_PRODUCTS_DIR}/RxSwift/RxSwift.framework",
			);
			name = "[CP] Embed Pods Frameworks";
			outputFileListPaths = (
			);
			outputPaths = (
				"${TARGET_BUILD_DIR}/${FRAMEWORKS_FOLDER_PATH}/RxCocoa.framework",
				"${TARGET_BUILD_DIR}/${FRAMEWORKS_FOLDER_PATH}/RxSwift.framework",
			);
			runOnlyForDeploymentPostprocessing = 0;
			shellPath = /bin/sh;
			shellScript = "\"${SRCROOT}/Pods/Target Support Files/Pods-Mother Earth/Pods-Mother Earth-frameworks.sh\"\n";
			showEnvVarsInLog = 0;
		};
/* End PBXShellScriptBuildPhase section */

/* Begin PBXSourcesBuildPhase section */
		BC4B0E5B219E4185001B396F /* Sources */ = {
			isa = PBXSourcesBuildPhase;
			buildActionMask = 2147483647;
			files = (
				BC4B0E89219E59B5001B396F /* Event.swift in Sources */,
				BC4B0E77219E5405001B396F /* EventsViewController.swift in Sources */,
				BC4B0E86219E59B5001B396F /* Category.swift in Sources */,
				BC4B0E79219E5470001B396F /* EventCell.swift in Sources */,
				BC4B0E8B219E59CB001B396F /* Location.swift in Sources */,
				BC4B0E88219E59B5001B396F /* EONETRequestRouter.swift in Sources */,
				BC4B0E63219E4186001B396F /* AppDelegate.swift in Sources */,
				BC4B0E87219E59B5001B396F /* EONETError.swift in Sources */,
				BC4B0E75219E5275001B396F /* CategoriesViewController.swift in Sources */,
			);
			runOnlyForDeploymentPostprocessing = 0;
		};
/* End PBXSourcesBuildPhase section */

/* Begin PBXVariantGroup section */
		BC4B0E66219E4186001B396F /* Main.storyboard */ = {
			isa = PBXVariantGroup;
			children = (
				BC4B0E67219E4186001B396F /* Base */,
			);
			name = Main.storyboard;
			sourceTree = "<group>";
		};
		BC4B0E6B219E418B001B396F /* LaunchScreen.storyboard */ = {
			isa = PBXVariantGroup;
			children = (
				BC4B0E6C219E418B001B396F /* Base */,
			);
			name = LaunchScreen.storyboard;
			sourceTree = "<group>";
		};
/* End PBXVariantGroup section */

/* Begin XCBuildConfiguration section */
		BC4B0E6F219E418B001B396F /* Debug */ = {
			isa = XCBuildConfiguration;
			buildSettings = {
				ALWAYS_SEARCH_USER_PATHS = NO;
				CLANG_ANALYZER_NONNULL = YES;
				CLANG_ANALYZER_NUMBER_OBJECT_CONVERSION = YES_AGGRESSIVE;
				CLANG_CXX_LANGUAGE_STANDARD = "gnu++14";
				CLANG_CXX_LIBRARY = "libc++";
				CLANG_ENABLE_MODULES = YES;
				CLANG_ENABLE_OBJC_ARC = YES;
				CLANG_ENABLE_OBJC_WEAK = YES;
				CLANG_WARN_BLOCK_CAPTURE_AUTORELEASING = YES;
				CLANG_WARN_BOOL_CONVERSION = YES;
				CLANG_WARN_COMMA = YES;
				CLANG_WARN_CONSTANT_CONVERSION = YES;
				CLANG_WARN_DEPRECATED_OBJC_IMPLEMENTATIONS = YES;
				CLANG_WARN_DIRECT_OBJC_ISA_USAGE = YES_ERROR;
				CLANG_WARN_DOCUMENTATION_COMMENTS = YES;
				CLANG_WARN_EMPTY_BODY = YES;
				CLANG_WARN_ENUM_CONVERSION = YES;
				CLANG_WARN_INFINITE_RECURSION = YES;
				CLANG_WARN_INT_CONVERSION = YES;
				CLANG_WARN_NON_LITERAL_NULL_CONVERSION = YES;
				CLANG_WARN_OBJC_IMPLICIT_RETAIN_SELF = YES;
				CLANG_WARN_OBJC_LITERAL_CONVERSION = YES;
				CLANG_WARN_OBJC_ROOT_CLASS = YES_ERROR;
				CLANG_WARN_RANGE_LOOP_ANALYSIS = YES;
				CLANG_WARN_STRICT_PROTOTYPES = YES;
				CLANG_WARN_SUSPICIOUS_MOVE = YES;
				CLANG_WARN_UNGUARDED_AVAILABILITY = YES_AGGRESSIVE;
				CLANG_WARN_UNREACHABLE_CODE = YES;
				CLANG_WARN__DUPLICATE_METHOD_MATCH = YES;
				CODE_SIGN_IDENTITY = "iPhone Developer";
				COPY_PHASE_STRIP = NO;
				DEBUG_INFORMATION_FORMAT = dwarf;
				ENABLE_STRICT_OBJC_MSGSEND = YES;
				ENABLE_TESTABILITY = YES;
				GCC_C_LANGUAGE_STANDARD = gnu11;
				GCC_DYNAMIC_NO_PIC = NO;
				GCC_NO_COMMON_BLOCKS = YES;
				GCC_OPTIMIZATION_LEVEL = 0;
				GCC_PREPROCESSOR_DEFINITIONS = (
					"DEBUG=1",
					"$(inherited)",
				);
				GCC_WARN_64_TO_32_BIT_CONVERSION = YES;
				GCC_WARN_ABOUT_RETURN_TYPE = YES_ERROR;
				GCC_WARN_UNDECLARED_SELECTOR = YES;
				GCC_WARN_UNINITIALIZED_AUTOS = YES_AGGRESSIVE;
				GCC_WARN_UNUSED_FUNCTION = YES;
				GCC_WARN_UNUSED_VARIABLE = YES;
				IPHONEOS_DEPLOYMENT_TARGET = 12.0;
				MTL_ENABLE_DEBUG_INFO = INCLUDE_SOURCE;
				MTL_FAST_MATH = YES;
				ONLY_ACTIVE_ARCH = YES;
				SDKROOT = iphoneos;
				SWIFT_ACTIVE_COMPILATION_CONDITIONS = DEBUG;
				SWIFT_OPTIMIZATION_LEVEL = "-Onone";
			};
			name = Debug;
		};
		BC4B0E70219E418B001B396F /* Release */ = {
			isa = XCBuildConfiguration;
			buildSettings = {
				ALWAYS_SEARCH_USER_PATHS = NO;
				CLANG_ANALYZER_NONNULL = YES;
				CLANG_ANALYZER_NUMBER_OBJECT_CONVERSION = YES_AGGRESSIVE;
				CLANG_CXX_LANGUAGE_STANDARD = "gnu++14";
				CLANG_CXX_LIBRARY = "libc++";
				CLANG_ENABLE_MODULES = YES;
				CLANG_ENABLE_OBJC_ARC = YES;
				CLANG_ENABLE_OBJC_WEAK = YES;
				CLANG_WARN_BLOCK_CAPTURE_AUTORELEASING = YES;
				CLANG_WARN_BOOL_CONVERSION = YES;
				CLANG_WARN_COMMA = YES;
				CLANG_WARN_CONSTANT_CONVERSION = YES;
				CLANG_WARN_DEPRECATED_OBJC_IMPLEMENTATIONS = YES;
				CLANG_WARN_DIRECT_OBJC_ISA_USAGE = YES_ERROR;
				CLANG_WARN_DOCUMENTATION_COMMENTS = YES;
				CLANG_WARN_EMPTY_BODY = YES;
				CLANG_WARN_ENUM_CONVERSION = YES;
				CLANG_WARN_INFINITE_RECURSION = YES;
				CLANG_WARN_INT_CONVERSION = YES;
				CLANG_WARN_NON_LITERAL_NULL_CONVERSION = YES;
				CLANG_WARN_OBJC_IMPLICIT_RETAIN_SELF = YES;
				CLANG_WARN_OBJC_LITERAL_CONVERSION = YES;
				CLANG_WARN_OBJC_ROOT_CLASS = YES_ERROR;
				CLANG_WARN_RANGE_LOOP_ANALYSIS = YES;
				CLANG_WARN_STRICT_PROTOTYPES = YES;
				CLANG_WARN_SUSPICIOUS_MOVE = YES;
				CLANG_WARN_UNGUARDED_AVAILABILITY = YES_AGGRESSIVE;
				CLANG_WARN_UNREACHABLE_CODE = YES;
				CLANG_WARN__DUPLICATE_METHOD_MATCH = YES;
				CODE_SIGN_IDENTITY = "iPhone Developer";
				COPY_PHASE_STRIP = NO;
				DEBUG_INFORMATION_FORMAT = "dwarf-with-dsym";
				ENABLE_NS_ASSERTIONS = NO;
				ENABLE_STRICT_OBJC_MSGSEND = YES;
				GCC_C_LANGUAGE_STANDARD = gnu11;
				GCC_NO_COMMON_BLOCKS = YES;
				GCC_WARN_64_TO_32_BIT_CONVERSION = YES;
				GCC_WARN_ABOUT_RETURN_TYPE = YES_ERROR;
				GCC_WARN_UNDECLARED_SELECTOR = YES;
				GCC_WARN_UNINITIALIZED_AUTOS = YES_AGGRESSIVE;
				GCC_WARN_UNUSED_FUNCTION = YES;
				GCC_WARN_UNUSED_VARIABLE = YES;
				IPHONEOS_DEPLOYMENT_TARGET = 12.0;
				MTL_ENABLE_DEBUG_INFO = NO;
				MTL_FAST_MATH = YES;
				SDKROOT = iphoneos;
				SWIFT_COMPILATION_MODE = wholemodule;
				SWIFT_OPTIMIZATION_LEVEL = "-O";
				VALIDATE_PRODUCT = YES;
			};
			name = Release;
		};
		BC4B0E72219E418B001B396F /* Debug */ = {
			isa = XCBuildConfiguration;
			baseConfigurationReference = 8C42E9E9E0C829251579FA9A /* Pods-Mother Earth.debug.xcconfig */;
			buildSettings = {
				ASSETCATALOG_COMPILER_APPICON_NAME = AppIcon;
				CODE_SIGN_STYLE = Automatic;
				INFOPLIST_FILE = "$(SRCROOT)/Mother Earth/Supporting files/Info.plist";
				LD_RUNPATH_SEARCH_PATHS = (
					"$(inherited)",
					"@executable_path/Frameworks",
				);
				PRODUCT_BUNDLE_IDENTIFIER = "com.KarimEbrahem.Mother-Earth";
				PRODUCT_NAME = "$(TARGET_NAME)";
				SWIFT_VERSION = 4.2;
				TARGETED_DEVICE_FAMILY = "1,2";
			};
			name = Debug;
		};
		BC4B0E73219E418B001B396F /* Release */ = {
			isa = XCBuildConfiguration;
			baseConfigurationReference = 2893B428D861C74BE5AF7DBF /* Pods-Mother Earth.release.xcconfig */;
			buildSettings = {
				ASSETCATALOG_COMPILER_APPICON_NAME = AppIcon;
				CODE_SIGN_STYLE = Automatic;
				INFOPLIST_FILE = "$(SRCROOT)/Mother Earth/Supporting files/Info.plist";
				LD_RUNPATH_SEARCH_PATHS = (
					"$(inherited)",
					"@executable_path/Frameworks",
				);
				PRODUCT_BUNDLE_IDENTIFIER = "com.KarimEbrahem.Mother-Earth";
				PRODUCT_NAME = "$(TARGET_NAME)";
				SWIFT_VERSION = 4.2;
				TARGETED_DEVICE_FAMILY = "1,2";
			};
			name = Release;
		};
/* End XCBuildConfiguration section */

/* Begin XCConfigurationList section */
		BC4B0E5A219E4185001B396F /* Build configuration list for PBXProject "Mother Earth" */ = {
			isa = XCConfigurationList;
			buildConfigurations = (
				BC4B0E6F219E418B001B396F /* Debug */,
				BC4B0E70219E418B001B396F /* Release */,
			);
			defaultConfigurationIsVisible = 0;
			defaultConfigurationName = Release;
		};
		BC4B0E71219E418B001B396F /* Build configuration list for PBXNativeTarget "Mother Earth" */ = {
			isa = XCConfigurationList;
			buildConfigurations = (
				BC4B0E72219E418B001B396F /* Debug */,
				BC4B0E73219E418B001B396F /* Release */,
			);
			defaultConfigurationIsVisible = 0;
			defaultConfigurationName = Release;
		};
/* End XCConfigurationList section */
	};
	rootObject = BC4B0E57219E4185001B396F /* Project object */;
}
